Microsoft Visual Studio Solution File, Format Version 12.00
# Visual Studio Version 16
VisualStudioVersion = 16.0.0.0
MinimumVisualStudioVersion = 16.0.0.0
Project("{9A19103F-16F7-4668-BE54-9A1E7A4F7556}") = "FairPlayBudget", "FairPlayBudget\FairPlayBudget.csproj", "{216E5CD7-EE3C-47C4-8DEF-BA79EB312909}"
EndProject
Project("{9A19103F-16F7-4668-BE54-9A1E7A4F7556}") = "FairPlayBudget.Client", "FairPlayBudget.Client\FairPlayBudget.Client.csproj", "{B8DE82A3-925B-4C4D-8959-1BBB1E8D3BB7}"
EndProject
Global
	GlobalSection(SolutionConfigurationPlatforms) = preSolution
		Debug|Any CPU = Debug|Any CPU
		Debug|x64 = Debug|x64
		Debug|x86 = Debug|x86
		Release|Any CPU = Release|Any CPU
		Release|x64 = Release|x64
		Release|x86 = Release|x86
	EndGlobalSection
	GlobalSection(ProjectConfigurationPlatforms) = postSolution
		{B8DE82A3-925B-4C4D-8959-1BBB1E8D3BB7}.Debug|Any CPU.ActiveCfg = Debug|Any CPU
		{B8DE82A3-925B-4C4D-8959-1BBB1E8D3BB7}.Debug|Any CPU.Build.0 = Debug|Any CPU
		{B8DE82A3-925B-4C4D-8959-1BBB1E8D3BB7}.Debug|x64.ActiveCfg = Debug|Any CPU
		{B8DE82A3-925B-4C4D-8959-1BBB1E8D3BB7}.Debug|x64.Build.0 = Debug|Any CPU
		{B8DE82A3-925B-4C4D-8959-1BBB1E8D3BB7}.Debug|x86.ActiveCfg = Debug|Any CPU
		{B8DE82A3-925B-4C4D-8959-1BBB1E8D3BB7}.Debug|x86.Build.0 = Debug|Any CPU
		{B8DE82A3-925B-4C4D-8959-1BBB1E8D3BB7}.Release|Any CPU.ActiveCfg = Release|Any CPU
		{B8DE82A3-925B-4C4D-8959-1BBB1E8D3BB7}.Release|Any CPU.Build.0 = Release|Any CPU
		{B8DE82A3-925B-4C4D-8959-1BBB1E8D3BB7}.Release|x64.ActiveCfg = Release|Any CPU
		{B8DE82A3-925B-4C4D-8959-1BBB1E8D3BB7}.Release|x64.Build.0 = Release|Any CPU
		{B8DE82A3-925B-4C4D-8959-1BBB1E8D3BB7}.Release|x86.ActiveCfg = Release|Any CPU
		{B8DE82A3-925B-4C4D-8959-1BBB1E8D3BB7}.Release|x86.Build.0 = Release|Any CPU
		{216E5CD7-EE3C-47C4-8DEF-BA79EB312909}.Debug|Any CPU.ActiveCfg = Debug|Any CPU
		{216E5CD7-EE3C-47C4-8DEF-BA79EB312909}.Debug|Any CPU.Build.0 = Debug|Any CPU
		{216E5CD7-EE3C-47C4-8DEF-BA79EB312909}.Debug|x64.ActiveCfg = Debug|Any CPU
		{216E5CD7-EE3C-47C4-8DEF-BA79EB312909}.Debug|x64.Build.0 = Debug|Any CPU
		{216E5CD7-EE3C-47C4-8DEF-BA79EB312909}.Debug|x86.ActiveCfg = Debug|Any CPU
		{216E5CD7-EE3C-47C4-8DEF-BA79EB312909}.Debug|x86.Build.0 = Debug|Any CPU
		{216E5CD7-EE3C-47C4-8DEF-BA79EB312909}.Release|Any CPU.ActiveCfg = Release|Any CPU
		{216E5CD7-EE3C-47C4-8DEF-BA79EB312909}.Release|Any CPU.Build.0 = Release|Any CPU
		{216E5CD7-EE3C-47C4-8DEF-BA79EB312909}.Release|x64.ActiveCfg = Release|Any CPU
		{216E5CD7-EE3C-47C4-8DEF-BA79EB312909}.Release|x64.Build.0 = Release|Any CPU
		{216E5CD7-EE3C-47C4-8DEF-BA79EB312909}.Release|x86.ActiveCfg = Release|Any CPU
		{216E5CD7-EE3C-47C4-8DEF-BA79EB312909}.Release|x86.Build.0 = Release|Any CPU
	EndGlobalSection
	GlobalSection(SolutionProperties) = preSolution
		HideSolutionNode = FALSE
	EndGlobalSection
	GlobalSection(ExtensibilityGlobals) = postSolution
		SolutionGuid = {64170053-170D-4804-A0EA-4C343BA90AA4}
	EndGlobalSection
EndGlobal
